
Microsoft Visual Studio Solution File, Format Version 12.00
# Visual Studio 15
VisualStudioVersion = 15.0.27130.2027
MinimumVisualStudioVersion = 10.0.40219.1
Project("{FAE04EC0-301F-11D3-BF4B-00C04F79EFBC}") = "009", "009\009.csproj", "{AB5B0C34-D343-408B-BE06-AF532EB5F0B2}"
EndProject
Project("{FAE04EC0-301F-11D3-BF4B-00C04F79EFBC}") = "zo", "zo\zo.csproj", "{C465F1DA-80C8-4180-8F52-2AE098F2CBFA}"
EndProject
Global
	GlobalSection(SolutionConfigurationPlatforms) = preSolution
		Debug|Any CPU = Debug|Any CPU
		Release|Any CPU = Release|Any CPU
	EndGlobalSection
	GlobalSection(ProjectConfigurationPlatforms) = postSolution
		{AB5B0C34-D343-408B-BE06-AF532EB5F0B2}.Debug|Any CPU.ActiveCfg = Debug|Any CPU
		{AB5B0C34-D343-408B-BE06-AF532EB5F0B2}.Debug|Any CPU.Build.0 = Debug|Any CPU
		{AB5B0C34-D343-408B-BE06-AF532EB5F0B2}.Release|Any CPU.ActiveCfg = Release|Any CPU
		{AB5B0C34-D343-408B-BE06-AF532EB5F0B2}.Release|Any CPU.Build.0 = Release|Any CPU
		{C465F1DA-80C8-4180-8F52-2AE098F2CBFA}.Debug|Any CPU.ActiveCfg = Debug|Any CPU
		{C465F1DA-80C8-4180-8F52-2AE098F2CBFA}.Debug|Any CPU.Build.0 = Debug|Any CPU
		{C465F1DA-80C8-4180-8F52-2AE098F2CBFA}.Release|Any CPU.ActiveCfg = Release|Any CPU
		{C465F1DA-80C8-4180-8F52-2AE098F2CBFA}.Release|Any CPU.Build.0 = Release|Any CPU
	EndGlobalSection
	GlobalSection(SolutionProperties) = preSolution
		HideSolutionNode = FALSE
	EndGlobalSection
	GlobalSection(ExtensibilityGlobals) = postSolution
		SolutionGuid = {FF966E5E-A641-49E4-BDFE-9ED2D49EDE38}
	EndGlobalSection
EndGlobal
