
Microsoft Visual Studio Solution File, Format Version 12.00
# Visual Studio 15
VisualStudioVersion = 15.0.27130.2027
MinimumVisualStudioVersion = 10.0.40219.1
Project("{FAE04EC0-301F-11D3-BF4B-00C04F79EFBC}") = "HW6", "HW6\HW6.csproj", "{3DDAE9EB-9AE5-4AE0-9C66-3CF10D6021E7}"
EndProject
Global
	GlobalSection(SolutionConfigurationPlatforms) = preSolution
		Debug|Any CPU = Debug|Any CPU
		Release|Any CPU = Release|Any CPU
	EndGlobalSection
	GlobalSection(ProjectConfigurationPlatforms) = postSolution
		{3DDAE9EB-9AE5-4AE0-9C66-3CF10D6021E7}.Debug|Any CPU.ActiveCfg = Debug|Any CPU
		{3DDAE9EB-9AE5-4AE0-9C66-3CF10D6021E7}.Debug|Any CPU.Build.0 = Debug|Any CPU
		{3DDAE9EB-9AE5-4AE0-9C66-3CF10D6021E7}.Release|Any CPU.ActiveCfg = Release|Any CPU
		{3DDAE9EB-9AE5-4AE0-9C66-3CF10D6021E7}.Release|Any CPU.Build.0 = Release|Any CPU
	EndGlobalSection
	GlobalSection(SolutionProperties) = preSolution
		HideSolutionNode = FALSE
	EndGlobalSection
	GlobalSection(ExtensibilityGlobals) = postSolution
		SolutionGuid = {080C5BC5-EB91-4CC3-B435-C8198A5D3D23}
	EndGlobalSection
EndGlobal
