
Microsoft Visual Studio Solution File, Format Version 12.00
# Visual Studio 15
VisualStudioVersion = 15.0.27130.2027
MinimumVisualStudioVersion = 10.0.40219.1
Project("{FAE04EC0-301F-11D3-BF4B-00C04F79EFBC}") = "ExDllsample", "ExDllsample\ExDllsample.csproj", "{05F1A5F6-64F4-4C6F-84C4-D736F2100F5F}"
EndProject
Global
	GlobalSection(SolutionConfigurationPlatforms) = preSolution
		Debug|Any CPU = Debug|Any CPU
		Release|Any CPU = Release|Any CPU
	EndGlobalSection
	GlobalSection(ProjectConfigurationPlatforms) = postSolution
		{05F1A5F6-64F4-4C6F-84C4-D736F2100F5F}.Debug|Any CPU.ActiveCfg = Debug|Any CPU
		{05F1A5F6-64F4-4C6F-84C4-D736F2100F5F}.Debug|Any CPU.Build.0 = Debug|Any CPU
		{05F1A5F6-64F4-4C6F-84C4-D736F2100F5F}.Release|Any CPU.ActiveCfg = Release|Any CPU
		{05F1A5F6-64F4-4C6F-84C4-D736F2100F5F}.Release|Any CPU.Build.0 = Release|Any CPU
	EndGlobalSection
	GlobalSection(SolutionProperties) = preSolution
		HideSolutionNode = FALSE
	EndGlobalSection
	GlobalSection(ExtensibilityGlobals) = postSolution
		SolutionGuid = {5AAC1926-AB43-4A84-BC7A-A7986D7A514D}
	EndGlobalSection
EndGlobal
