
Microsoft Visual Studio Solution File, Format Version 12.00
# Visual Studio 15
VisualStudioVersion = 15.0.27130.2027
MinimumVisualStudioVersion = 10.0.40219.1
Project("{FAE04EC0-301F-11D3-BF4B-00C04F79EFBC}") = "linq", "linq\linq.csproj", "{F6393A16-7DE2-47C4-A9D6-0BD5CC9F8E76}"
EndProject
Global
	GlobalSection(SolutionConfigurationPlatforms) = preSolution
		Debug|Any CPU = Debug|Any CPU
		Release|Any CPU = Release|Any CPU
	EndGlobalSection
	GlobalSection(ProjectConfigurationPlatforms) = postSolution
		{F6393A16-7DE2-47C4-A9D6-0BD5CC9F8E76}.Debug|Any CPU.ActiveCfg = Debug|Any CPU
		{F6393A16-7DE2-47C4-A9D6-0BD5CC9F8E76}.Debug|Any CPU.Build.0 = Debug|Any CPU
		{F6393A16-7DE2-47C4-A9D6-0BD5CC9F8E76}.Release|Any CPU.ActiveCfg = Release|Any CPU
		{F6393A16-7DE2-47C4-A9D6-0BD5CC9F8E76}.Release|Any CPU.Build.0 = Release|Any CPU
	EndGlobalSection
	GlobalSection(SolutionProperties) = preSolution
		HideSolutionNode = FALSE
	EndGlobalSection
	GlobalSection(ExtensibilityGlobals) = postSolution
		SolutionGuid = {C02FE2C2-306A-4B53-9B7F-8BE232A4466E}
	EndGlobalSection
EndGlobal
