
Microsoft Visual Studio Solution File, Format Version 12.00
# Visual Studio 15
VisualStudioVersion = 15.0.27130.2027
MinimumVisualStudioVersion = 10.0.40219.1
Project("{FAE04EC0-301F-11D3-BF4B-00C04F79EFBC}") = "InterfaceSample001", "InterfaceSample001\InterfaceSample001.csproj", "{3551D3C2-4FD0-4DD6-90CB-96A2F46AAD49}"
EndProject
Project("{FAE04EC0-301F-11D3-BF4B-00C04F79EFBC}") = "InterfaceSamples002", "InterfaceSamples002\InterfaceSamples002.csproj", "{EBD1D765-1F1D-45DA-AA25-E6A47E3081A2}"
EndProject
Project("{FAE04EC0-301F-11D3-BF4B-00C04F79EFBC}") = "Generic", "Generic\Generic.csproj", "{67B7C2F5-1C6F-4EA9-BF78-E02D1B3E11D5}"
EndProject
Global
	GlobalSection(SolutionConfigurationPlatforms) = preSolution
		Debug|Any CPU = Debug|Any CPU
		Release|Any CPU = Release|Any CPU
	EndGlobalSection
	GlobalSection(ProjectConfigurationPlatforms) = postSolution
		{3551D3C2-4FD0-4DD6-90CB-96A2F46AAD49}.Debug|Any CPU.ActiveCfg = Debug|Any CPU
		{3551D3C2-4FD0-4DD6-90CB-96A2F46AAD49}.Debug|Any CPU.Build.0 = Debug|Any CPU
		{3551D3C2-4FD0-4DD6-90CB-96A2F46AAD49}.Release|Any CPU.ActiveCfg = Release|Any CPU
		{3551D3C2-4FD0-4DD6-90CB-96A2F46AAD49}.Release|Any CPU.Build.0 = Release|Any CPU
		{EBD1D765-1F1D-45DA-AA25-E6A47E3081A2}.Debug|Any CPU.ActiveCfg = Debug|Any CPU
		{EBD1D765-1F1D-45DA-AA25-E6A47E3081A2}.Debug|Any CPU.Build.0 = Debug|Any CPU
		{EBD1D765-1F1D-45DA-AA25-E6A47E3081A2}.Release|Any CPU.ActiveCfg = Release|Any CPU
		{EBD1D765-1F1D-45DA-AA25-E6A47E3081A2}.Release|Any CPU.Build.0 = Release|Any CPU
		{67B7C2F5-1C6F-4EA9-BF78-E02D1B3E11D5}.Debug|Any CPU.ActiveCfg = Debug|Any CPU
		{67B7C2F5-1C6F-4EA9-BF78-E02D1B3E11D5}.Debug|Any CPU.Build.0 = Debug|Any CPU
		{67B7C2F5-1C6F-4EA9-BF78-E02D1B3E11D5}.Release|Any CPU.ActiveCfg = Release|Any CPU
		{67B7C2F5-1C6F-4EA9-BF78-E02D1B3E11D5}.Release|Any CPU.Build.0 = Release|Any CPU
	EndGlobalSection
	GlobalSection(SolutionProperties) = preSolution
		HideSolutionNode = FALSE
	EndGlobalSection
	GlobalSection(ExtensibilityGlobals) = postSolution
		SolutionGuid = {37A8BE0F-DA7A-45DF-824F-FF7F6E9DA061}
	EndGlobalSection
EndGlobal
