
Microsoft Visual Studio Solution File, Format Version 12.00
# Visual Studio 14
VisualStudioVersion = 14.0.25420.1
MinimumVisualStudioVersion = 10.0.40219.1
Project("{FAE04EC0-301F-11D3-BF4B-00C04F79EFBC}") = "ShapeLibrary", "ShapeLibrary\ShapeLibrary.csproj", "{8A1E2C42-EED0-4A72-973D-104475FACAA6}"
EndProject
Project("{FAE04EC0-301F-11D3-BF4B-00C04F79EFBC}") = "ShapeLibraryTests", "ShapeLibraryTests\ShapeLibraryTests.csproj", "{3D79316D-C9E7-4458-B160-8C385C32D4F5}"
EndProject
Global
	GlobalSection(SolutionConfigurationPlatforms) = preSolution
		Debug|Any CPU = Debug|Any CPU
		Release|Any CPU = Release|Any CPU
	EndGlobalSection
	GlobalSection(ProjectConfigurationPlatforms) = postSolution
		{8A1E2C42-EED0-4A72-973D-104475FACAA6}.Debug|Any CPU.ActiveCfg = Debug|Any CPU
		{8A1E2C42-EED0-4A72-973D-104475FACAA6}.Debug|Any CPU.Build.0 = Debug|Any CPU
		{8A1E2C42-EED0-4A72-973D-104475FACAA6}.Release|Any CPU.ActiveCfg = Release|Any CPU
		{8A1E2C42-EED0-4A72-973D-104475FACAA6}.Release|Any CPU.Build.0 = Release|Any CPU
		{3D79316D-C9E7-4458-B160-8C385C32D4F5}.Debug|Any CPU.ActiveCfg = Debug|Any CPU
		{3D79316D-C9E7-4458-B160-8C385C32D4F5}.Debug|Any CPU.Build.0 = Debug|Any CPU
		{3D79316D-C9E7-4458-B160-8C385C32D4F5}.Release|Any CPU.ActiveCfg = Release|Any CPU
		{3D79316D-C9E7-4458-B160-8C385C32D4F5}.Release|Any CPU.Build.0 = Release|Any CPU
	EndGlobalSection
	GlobalSection(SolutionProperties) = preSolution
		HideSolutionNode = FALSE
	EndGlobalSection
EndGlobal
